// !$*UTF8*$!
{
	archiveVersion = 1;
	classes = {
	};
	objectVersion = 56;
	objects = {

/* Begin PBXBuildFile section */
		6036DBE82BF95CFD00A42D1A /* Readability in Frameworks */ = {isa = PBXBuildFile; productRef = 6036DBE72BF95CFD00A42D1A /* Readability */; };
		6040521C2B40414E00100DC5 /* README.md in Resources */ = {isa = PBXBuildFile; fileRef = 6040521B2B40414E00100DC5 /* README.md */; };
		604052202B405DC700100DC5 /* AWSSettingsView.swift in Sources */ = {isa = PBXBuildFile; fileRef = 6040521F2B405DC700100DC5 /* AWSSettingsView.swift */; };
		604052222B405DF200100DC5 /* GCPSettingsView.swift in Sources */ = {isa = PBXBuildFile; fileRef = 604052212B405DF200100DC5 /* GCPSettingsView.swift */; };
		604052A82B40892B00100DC5 /* GoogleAPIClientForREST_Texttospeech in Frameworks */ = {isa = PBXBuildFile; productRef = 604052A72B40892B00100DC5 /* GoogleAPIClientForREST_Texttospeech */; };
		604052AA2B42DFB400100DC5 /* SplashView.swift in Sources */ = {isa = PBXBuildFile; fileRef = 604052A92B42DFB400100DC5 /* SplashView.swift */; };
		604052AE2B42EF8400100DC5 /* AppKit.framework in Frameworks */ = {isa = PBXBuildFile; fileRef = 604052AD2B42EF8400100DC5 /* AppKit.framework */; platformFilters = (macos, ); };
		604A8F322B3C563F00836DAF /* AWSCognitoIdentity in Frameworks */ = {isa = PBXBuildFile; productRef = 604A8F312B3C563F00836DAF /* AWSCognitoIdentity */; };
		604A90842B3C564700836DAF /* AWSPolly in Frameworks */ = {isa = PBXBuildFile; productRef = 604A90832B3C564700836DAF /* AWSPolly */; };
		604A91482B3CB36200836DAF /* RuntimeError.swift in Sources */ = {isa = PBXBuildFile; fileRef = 604A91472B3CB36200836DAF /* RuntimeError.swift */; };
		605FC1B52BE72C030086987A /* AzureSettingsView.swift in Sources */ = {isa = PBXBuildFile; fileRef = 605FC1B42BE72C030086987A /* AzureSettingsView.swift */; };
		605FC1B72BE73D890086987A /* AzureVoice.swift in Sources */ = {isa = PBXBuildFile; fileRef = 605FC1B62BE73D890086987A /* AzureVoice.swift */; };
		606D3B9D2BF943680047994C /* URLInputSheet.swift in Sources */ = {isa = PBXBuildFile; fileRef = 606D3B9C2BF943680047994C /* URLInputSheet.swift */; };
		607283C82B3875D7002B5DAF /* AetherVoiceApp.swift in Sources */ = {isa = PBXBuildFile; fileRef = 607283C72B3875D7002B5DAF /* AetherVoiceApp.swift */; };
		607283CA2B3875D7002B5DAF /* Persistence.swift in Sources */ = {isa = PBXBuildFile; fileRef = 607283C92B3875D7002B5DAF /* Persistence.swift */; };
		607283CD2B3875D7002B5DAF /* AetherVoice.xcdatamodeld in Sources */ = {isa = PBXBuildFile; fileRef = 607283CB2B3875D7002B5DAF /* AetherVoice.xcdatamodeld */; };
		607283CF2B3875D7002B5DAF /* ContentView.swift in Sources */ = {isa = PBXBuildFile; fileRef = 607283CE2B3875D7002B5DAF /* ContentView.swift */; };
		607283D12B3875D9002B5DAF /* Assets.xcassets in Resources */ = {isa = PBXBuildFile; fileRef = 607283D02B3875D9002B5DAF /* Assets.xcassets */; };
		607283D52B3875D9002B5DAF /* Preview Assets.xcassets in Resources */ = {isa = PBXBuildFile; fileRef = 607283D42B3875D9002B5DAF /* Preview Assets.xcassets */; };
		607283E02B39B074002B5DAF /* MobileCoreServices.framework in Frameworks */ = {isa = PBXBuildFile; fileRef = 607283DE2B3882E0002B5DAF /* MobileCoreServices.framework */; platformFilter = ios; };
		607283E42B39B2A5002B5DAF /* UniformTypeIdentifiers.framework in Frameworks */ = {isa = PBXBuildFile; fileRef = 607283E32B39B2A5002B5DAF /* UniformTypeIdentifiers.framework */; };
		607283EB2B39BEB2002B5DAF /* AppDocument.swift in Sources */ = {isa = PBXBuildFile; fileRef = 607283EA2B39BEB2002B5DAF /* AppDocument.swift */; };
		607283ED2B39BEC8002B5DAF /* DocumentListView.swift in Sources */ = {isa = PBXBuildFile; fileRef = 607283EC2B39BEC8002B5DAF /* DocumentListView.swift */; };
		607283EF2B39BEDE002B5DAF /* DocumentReaderView.swift in Sources */ = {isa = PBXBuildFile; fileRef = 607283EE2B39BEDE002B5DAF /* DocumentReaderView.swift */; };
		607283F32B39BEF9002B5DAF /* DocumentListViewModel.swift in Sources */ = {isa = PBXBuildFile; fileRef = 607283F22B39BEF9002B5DAF /* DocumentListViewModel.swift */; };
		607283F52B39BF05002B5DAF /* DocumentReaderViewModel.swift in Sources */ = {isa = PBXBuildFile; fileRef = 607283F42B39BF05002B5DAF /* DocumentReaderViewModel.swift */; };
		607283FE2B3A0CFD002B5DAF /* FilePickerUtility.swift in Sources */ = {isa = PBXBuildFile; fileRef = 607283FD2B3A0CFD002B5DAF /* FilePickerUtility.swift */; };
		607284002B3A1099002B5DAF /* DocumentPickerView.swift in Sources */ = {isa = PBXBuildFile; fileRef = 607283FF2B3A1099002B5DAF /* DocumentPickerView.swift */; };
		607284022B3AD993002B5DAF /* SpeechSynthesizerProtocol.swift in Sources */ = {isa = PBXBuildFile; fileRef = 607284012B3AD993002B5DAF /* SpeechSynthesizerProtocol.swift */; };
		607284042B3AD9B2002B5DAF /* LocalSpeechSynthesizer.swift in Sources */ = {isa = PBXBuildFile; fileRef = 607284032B3AD9B2002B5DAF /* LocalSpeechSynthesizer.swift */; };
		607284082B3AE68A002B5DAF /* GoogleCloudSynthesizer.swift in Sources */ = {isa = PBXBuildFile; fileRef = 607284052B3AE68A002B5DAF /* GoogleCloudSynthesizer.swift */; };
		607284092B3AE68A002B5DAF /* MicrosoftAzureSynthesizer.swift in Sources */ = {isa = PBXBuildFile; fileRef = 607284062B3AE68A002B5DAF /* MicrosoftAzureSynthesizer.swift */; };
		6072840A2B3AE68A002B5DAF /* AmazonPollySynthesizer.swift in Sources */ = {isa = PBXBuildFile; fileRef = 607284072B3AE68A002B5DAF /* AmazonPollySynthesizer.swift */; };
		60CAE3782BE7848F00B1E884 /* DocumentData.swift in Sources */ = {isa = PBXBuildFile; fileRef = 60CAE3772BE7848F00B1E884 /* DocumentData.swift */; };
		60CAE37B2BE8072400B1E884 /* AetherVoiceFree_Azure_template.json in Resources */ = {isa = PBXBuildFile; fileRef = 60CAE37A2BE8072400B1E884 /* AetherVoiceFree_Azure_template.json */; };
		60DFF5E42B3EB44C004E098C /* AmazonPollyCFN.yaml in Resources */ = {isa = PBXBuildFile; fileRef = 60DFF5E32B3EB44C004E098C /* AmazonPollyCFN.yaml */; };
		60DFF5E72B3EECB7004E098C /* SettingsView.swift in Sources */ = {isa = PBXBuildFile; fileRef = 60DFF5E62B3EECB7004E098C /* SettingsView.swift */; };
		60DFF5E92B3EF375004E098C /* KeychainWrapper.swift in Sources */ = {isa = PBXBuildFile; fileRef = 60DFF5E82B3EF375004E098C /* KeychainWrapper.swift */; };
/* End PBXBuildFile section */

/* Begin PBXFileReference section */
		6040521B2B40414E00100DC5 /* README.md */ = {isa = PBXFileReference; fileEncoding = 4; lastKnownFileType = net.daringfireball.markdown; path = README.md; sourceTree = "<group>"; };
		6040521F2B405DC700100DC5 /* AWSSettingsView.swift */ = {isa = PBXFileReference; lastKnownFileType = sourcecode.swift; path = AWSSettingsView.swift; sourceTree = "<group>"; };
		604052212B405DF200100DC5 /* GCPSettingsView.swift */ = {isa = PBXFileReference; lastKnownFileType = sourcecode.swift; path = GCPSettingsView.swift; sourceTree = "<group>"; };
		604052A92B42DFB400100DC5 /* SplashView.swift */ = {isa = PBXFileReference; lastKnownFileType = sourcecode.swift; path = SplashView.swift; sourceTree = "<group>"; };
		604052AD2B42EF8400100DC5 /* AppKit.framework */ = {isa = PBXFileReference; lastKnownFileType = wrapper.framework; name = AppKit.framework; path = System/Library/Frameworks/AppKit.framework; sourceTree = SDKROOT; };
		604A91472B3CB36200836DAF /* RuntimeError.swift */ = {isa = PBXFileReference; lastKnownFileType = sourcecode.swift; path = RuntimeError.swift; sourceTree = "<group>"; };
		605FC1B42BE72C030086987A /* AzureSettingsView.swift */ = {isa = PBXFileReference; lastKnownFileType = sourcecode.swift; path = AzureSettingsView.swift; sourceTree = "<group>"; };
		605FC1B62BE73D890086987A /* AzureVoice.swift */ = {isa = PBXFileReference; lastKnownFileType = sourcecode.swift; path = AzureVoice.swift; sourceTree = "<group>"; };
		606D3B9C2BF943680047994C /* URLInputSheet.swift */ = {isa = PBXFileReference; lastKnownFileType = sourcecode.swift; path = URLInputSheet.swift; sourceTree = "<group>"; };
		607283C42B3875D7002B5DAF /* AetherVoice.app */ = {isa = PBXFileReference; explicitFileType = wrapper.application; includeInIndex = 0; path = AetherVoice.app; sourceTree = BUILT_PRODUCTS_DIR; };
		607283C72B3875D7002B5DAF /* AetherVoiceApp.swift */ = {isa = PBXFileReference; lastKnownFileType = sourcecode.swift; path = AetherVoiceApp.swift; sourceTree = "<group>"; };
		607283C92B3875D7002B5DAF /* Persistence.swift */ = {isa = PBXFileReference; lastKnownFileType = sourcecode.swift; path = Persistence.swift; sourceTree = "<group>"; };
		607283CC2B3875D7002B5DAF /* CloudReader.xcdatamodel */ = {isa = PBXFileReference; lastKnownFileType = wrapper.xcdatamodel; path = CloudReader.xcdatamodel; sourceTree = "<group>"; };
		607283CE2B3875D7002B5DAF /* ContentView.swift */ = {isa = PBXFileReference; lastKnownFileType = sourcecode.swift; path = ContentView.swift; sourceTree = "<group>"; };
		607283D02B3875D9002B5DAF /* Assets.xcassets */ = {isa = PBXFileReference; lastKnownFileType = folder.assetcatalog; path = Assets.xcassets; sourceTree = "<group>"; };
		607283D22B3875D9002B5DAF /* AetherVoice.entitlements */ = {isa = PBXFileReference; lastKnownFileType = text.plist.entitlements; path = AetherVoice.entitlements; sourceTree = "<group>"; };
		607283D42B3875D9002B5DAF /* Preview Assets.xcassets */ = {isa = PBXFileReference; lastKnownFileType = folder.assetcatalog; path = "Preview Assets.xcassets"; sourceTree = "<group>"; };
		607283DE2B3882E0002B5DAF /* MobileCoreServices.framework */ = {isa = PBXFileReference; lastKnownFileType = wrapper.framework; name = MobileCoreServices.framework; path = Platforms/iPhoneOS.platform/Developer/SDKs/iPhoneOS17.2.sdk/System/Library/Frameworks/MobileCoreServices.framework; sourceTree = DEVELOPER_DIR; };
		607283E32B39B2A5002B5DAF /* UniformTypeIdentifiers.framework */ = {isa = PBXFileReference; lastKnownFileType = wrapper.framework; name = UniformTypeIdentifiers.framework; path = Platforms/iPhoneOS.platform/Developer/SDKs/iPhoneOS17.2.sdk/System/Library/Frameworks/UniformTypeIdentifiers.framework; sourceTree = DEVELOPER_DIR; };
		607283EA2B39BEB2002B5DAF /* AppDocument.swift */ = {isa = PBXFileReference; lastKnownFileType = sourcecode.swift; path = AppDocument.swift; sourceTree = "<group>"; };
		607283EC2B39BEC8002B5DAF /* DocumentListView.swift */ = {isa = PBXFileReference; lastKnownFileType = sourcecode.swift; path = DocumentListView.swift; sourceTree = "<group>"; };
		607283EE2B39BEDE002B5DAF /* DocumentReaderView.swift */ = {isa = PBXFileReference; lastKnownFileType = sourcecode.swift; path = DocumentReaderView.swift; sourceTree = "<group>"; };
		607283F22B39BEF9002B5DAF /* DocumentListViewModel.swift */ = {isa = PBXFileReference; lastKnownFileType = sourcecode.swift; path = DocumentListViewModel.swift; sourceTree = "<group>"; };
		607283F42B39BF05002B5DAF /* DocumentReaderViewModel.swift */ = {isa = PBXFileReference; lastKnownFileType = sourcecode.swift; path = DocumentReaderViewModel.swift; sourceTree = "<group>"; };
		607283FD2B3A0CFD002B5DAF /* FilePickerUtility.swift */ = {isa = PBXFileReference; lastKnownFileType = sourcecode.swift; path = FilePickerUtility.swift; sourceTree = "<group>"; };
		607283FF2B3A1099002B5DAF /* DocumentPickerView.swift */ = {isa = PBXFileReference; lastKnownFileType = sourcecode.swift; path = DocumentPickerView.swift; sourceTree = "<group>"; };
		607284012B3AD993002B5DAF /* SpeechSynthesizerProtocol.swift */ = {isa = PBXFileReference; lastKnownFileType = sourcecode.swift; path = SpeechSynthesizerProtocol.swift; sourceTree = "<group>"; };
		607284032B3AD9B2002B5DAF /* LocalSpeechSynthesizer.swift */ = {isa = PBXFileReference; lastKnownFileType = sourcecode.swift; path = LocalSpeechSynthesizer.swift; sourceTree = "<group>"; };
		607284052B3AE68A002B5DAF /* GoogleCloudSynthesizer.swift */ = {isa = PBXFileReference; fileEncoding = 4; lastKnownFileType = sourcecode.swift; path = GoogleCloudSynthesizer.swift; sourceTree = "<group>"; };
		607284062B3AE68A002B5DAF /* MicrosoftAzureSynthesizer.swift */ = {isa = PBXFileReference; fileEncoding = 4; lastKnownFileType = sourcecode.swift; path = MicrosoftAzureSynthesizer.swift; sourceTree = "<group>"; };
		607284072B3AE68A002B5DAF /* AmazonPollySynthesizer.swift */ = {isa = PBXFileReference; fileEncoding = 4; lastKnownFileType = sourcecode.swift; path = AmazonPollySynthesizer.swift; sourceTree = "<group>"; };
		60CAE3772BE7848F00B1E884 /* DocumentData.swift */ = {isa = PBXFileReference; lastKnownFileType = sourcecode.swift; path = DocumentData.swift; sourceTree = "<group>"; };
		60CAE3792BE7E85D00B1E884 /* Info.plist */ = {isa = PBXFileReference; lastKnownFileType = text.plist; path = Info.plist; sourceTree = "<group>"; };
		60CAE37A2BE8072400B1E884 /* AetherVoiceFree_Azure_template.json */ = {isa = PBXFileReference; lastKnownFileType = text.json; name = AetherVoiceFree_Azure_template.json; path = AetherVoice/AetherVoiceFree_Azure_template.json; sourceTree = SOURCE_ROOT; };
		60DFF5E32B3EB44C004E098C /* AmazonPollyCFN.yaml */ = {isa = PBXFileReference; lastKnownFileType = text.yaml; path = AmazonPollyCFN.yaml; sourceTree = "<group>"; };
		60DFF5E62B3EECB7004E098C /* SettingsView.swift */ = {isa = PBXFileReference; lastKnownFileType = sourcecode.swift; path = SettingsView.swift; sourceTree = "<group>"; };
		60DFF5E82B3EF375004E098C /* KeychainWrapper.swift */ = {isa = PBXFileReference; lastKnownFileType = sourcecode.swift; path = KeychainWrapper.swift; sourceTree = "<group>"; };
/* End PBXFileReference section */

/* Begin PBXFrameworksBuildPhase section */
		607283C12B3875D7002B5DAF /* Frameworks */ = {
			isa = PBXFrameworksBuildPhase;
			buildActionMask = 2147483647;
			files = (
				604A8F322B3C563F00836DAF /* AWSCognitoIdentity in Frameworks */,
				604052A82B40892B00100DC5 /* GoogleAPIClientForREST_Texttospeech in Frameworks */,
				607283E42B39B2A5002B5DAF /* UniformTypeIdentifiers.framework in Frameworks */,
				6036DBE82BF95CFD00A42D1A /* Readability in Frameworks */,
				604052AE2B42EF8400100DC5 /* AppKit.framework in Frameworks */,
				604A90842B3C564700836DAF /* AWSPolly in Frameworks */,
				607283E02B39B074002B5DAF /* MobileCoreServices.framework in Frameworks */,
			);
			runOnlyForDeploymentPostprocessing = 0;
		};
/* End PBXFrameworksBuildPhase section */

/* Begin PBXGroup section */
		606D3B9B2BF943540047994C /* Sheets */ = {
			isa = PBXGroup;
			children = (
				606D3B9C2BF943680047994C /* URLInputSheet.swift */,
			);
			path = Sheets;
			sourceTree = "<group>";
		};
		607283BB2B3875D7002B5DAF = {
			isa = PBXGroup;
			children = (
				6040521B2B40414E00100DC5 /* README.md */,
				607283C62B3875D7002B5DAF /* AetherVoice */,
				607283C52B3875D7002B5DAF /* Products */,
				607283DD2B3882E0002B5DAF /* Frameworks */,
			);
			sourceTree = "<group>";
		};
		607283C52B3875D7002B5DAF /* Products */ = {
			isa = PBXGroup;
			children = (
				607283C42B3875D7002B5DAF /* AetherVoice.app */,
			);
			name = Products;
			sourceTree = "<group>";
		};
		607283C62B3875D7002B5DAF /* AetherVoice */ = {
			isa = PBXGroup;
			children = (
				60CAE3792BE7E85D00B1E884 /* Info.plist */,
				60DFF5E22B3EB414004E098C /* Dist */,
				607283FC2B3A0CE8002B5DAF /* Utilities */,
				607283E92B39BE90002B5DAF /* CoreData */,
				607283E82B39BE8C002B5DAF /* Services */,
				606D3B9B2BF943540047994C /* Sheets */,
				607283E72B39BE84002B5DAF /* ViewModels */,
				607283E62B39BE76002B5DAF /* Views */,
				607283E52B39BE67002B5DAF /* Models */,
				607283C72B3875D7002B5DAF /* AetherVoiceApp.swift */,
				607283D02B3875D9002B5DAF /* Assets.xcassets */,
				607283D22B3875D9002B5DAF /* AetherVoice.entitlements */,
				607283CB2B3875D7002B5DAF /* AetherVoice.xcdatamodeld */,
				607283D32B3875D9002B5DAF /* Preview Content */,
			);
			path = AetherVoice;
			sourceTree = "<group>";
		};
		607283D32B3875D9002B5DAF /* Preview Content */ = {
			isa = PBXGroup;
			children = (
				607283D42B3875D9002B5DAF /* Preview Assets.xcassets */,
			);
			path = "Preview Content";
			sourceTree = "<group>";
		};
		607283DD2B3882E0002B5DAF /* Frameworks */ = {
			isa = PBXGroup;
			children = (
				604052AD2B42EF8400100DC5 /* AppKit.framework */,
				607283E32B39B2A5002B5DAF /* UniformTypeIdentifiers.framework */,
				607283DE2B3882E0002B5DAF /* MobileCoreServices.framework */,
			);
			name = Frameworks;
			sourceTree = "<group>";
		};
		607283E52B39BE67002B5DAF /* Models */ = {
			isa = PBXGroup;
			children = (
				607283EA2B39BEB2002B5DAF /* AppDocument.swift */,
				605FC1B62BE73D890086987A /* AzureVoice.swift */,
				60CAE3772BE7848F00B1E884 /* DocumentData.swift */,
			);
			path = Models;
			sourceTree = "<group>";
		};
		607283E62B39BE76002B5DAF /* Views */ = {
			isa = PBXGroup;
			children = (
				604052A92B42DFB400100DC5 /* SplashView.swift */,
				607283CE2B3875D7002B5DAF /* ContentView.swift */,
				607283EC2B39BEC8002B5DAF /* DocumentListView.swift */,
				607283EE2B39BEDE002B5DAF /* DocumentReaderView.swift */,
				607283FF2B3A1099002B5DAF /* DocumentPickerView.swift */,
				60DFF5E62B3EECB7004E098C /* SettingsView.swift */,
				6040521F2B405DC700100DC5 /* AWSSettingsView.swift */,
				604052212B405DF200100DC5 /* GCPSettingsView.swift */,
				605FC1B42BE72C030086987A /* AzureSettingsView.swift */,
			);
			path = Views;
			sourceTree = "<group>";
		};
		607283E72B39BE84002B5DAF /* ViewModels */ = {
			isa = PBXGroup;
			children = (
				607283F22B39BEF9002B5DAF /* DocumentListViewModel.swift */,
				607283F42B39BF05002B5DAF /* DocumentReaderViewModel.swift */,
			);
			path = ViewModels;
			sourceTree = "<group>";
		};
		607283E82B39BE8C002B5DAF /* Services */ = {
			isa = PBXGroup;
			children = (
				607284072B3AE68A002B5DAF /* AmazonPollySynthesizer.swift */,
				607284052B3AE68A002B5DAF /* GoogleCloudSynthesizer.swift */,
				607284062B3AE68A002B5DAF /* MicrosoftAzureSynthesizer.swift */,
				607284012B3AD993002B5DAF /* SpeechSynthesizerProtocol.swift */,
				607284032B3AD9B2002B5DAF /* LocalSpeechSynthesizer.swift */,
			);
			path = Services;
			sourceTree = "<group>";
		};
		607283E92B39BE90002B5DAF /* CoreData */ = {
			isa = PBXGroup;
			children = (
				607283C92B3875D7002B5DAF /* Persistence.swift */,
			);
			path = CoreData;
			sourceTree = "<group>";
		};
		607283FC2B3A0CE8002B5DAF /* Utilities */ = {
			isa = PBXGroup;
			children = (
				607283FD2B3A0CFD002B5DAF /* FilePickerUtility.swift */,
				604A91472B3CB36200836DAF /* RuntimeError.swift */,
				60DFF5E82B3EF375004E098C /* KeychainWrapper.swift */,
			);
			path = Utilities;
			sourceTree = "<group>";
		};
		60DFF5E22B3EB414004E098C /* Dist */ = {
			isa = PBXGroup;
			children = (
				60DFF5E32B3EB44C004E098C /* AmazonPollyCFN.yaml */,
				60CAE37A2BE8072400B1E884 /* AetherVoiceFree_Azure_template.json */,
			);
			path = Dist;
			sourceTree = "<group>";
		};
/* End PBXGroup section */

/* Begin PBXNativeTarget section */
		607283C32B3875D7002B5DAF /* AetherVoice */ = {
			isa = PBXNativeTarget;
			buildConfigurationList = 607283D82B3875D9002B5DAF /* Build configuration list for PBXNativeTarget "AetherVoice" */;
			buildPhases = (
				607283C02B3875D7002B5DAF /* Sources */,
				607283C12B3875D7002B5DAF /* Frameworks */,
				607283C22B3875D7002B5DAF /* Resources */,
			);
			buildRules = (
			);
			dependencies = (
			);
			name = AetherVoice;
			packageProductDependencies = (
				604A8F312B3C563F00836DAF /* AWSCognitoIdentity */,
				604A90832B3C564700836DAF /* AWSPolly */,
				604052A72B40892B00100DC5 /* GoogleAPIClientForREST_Texttospeech */,
				6036DBE72BF95CFD00A42D1A /* Readability */,
			);
			productName = CloudReader;
			productReference = 607283C42B3875D7002B5DAF /* AetherVoice.app */;
			productType = "com.apple.product-type.application";
		};
/* End PBXNativeTarget section */

/* Begin PBXProject section */
		607283BC2B3875D7002B5DAF /* Project object */ = {
			isa = PBXProject;
			attributes = {
				BuildIndependentTargetsInParallel = 1;
				LastSwiftUpdateCheck = 1510;
				LastUpgradeCheck = 1530;
				TargetAttributes = {
					607283C32B3875D7002B5DAF = {
						CreatedOnToolsVersion = 15.1;
					};
				};
			};
			buildConfigurationList = 607283BF2B3875D7002B5DAF /* Build configuration list for PBXProject "AetherVoice" */;
			compatibilityVersion = "Xcode 14.0";
			developmentRegion = en;
			hasScannedForEncodings = 0;
			knownRegions = (
				en,
				Base,
			);
			mainGroup = 607283BB2B3875D7002B5DAF;
			packageReferences = (
				604A8E922B3C563D00836DAF /* XCRemoteSwiftPackageReference "aws-sdk-swift" */,
				604052232B4085DF00100DC5 /* XCRemoteSwiftPackageReference "google-api-swift-client" */,
				604052282B4088AF00100DC5 /* XCRemoteSwiftPackageReference "google-api-objectivec-client-for-rest" */,
				6036DBE02BF9552600A42D1A /* XCRemoteSwiftPackageReference "SwiftSoup" */,
				6036DBE32BF958BC00A42D1A /* XCRemoteSwiftPackageReference "ReadabilityKit" */,
				6036DBE62BF95CFD00A42D1A /* XCRemoteSwiftPackageReference "read-swift" */,
			);
			productRefGroup = 607283C52B3875D7002B5DAF /* Products */;
			projectDirPath = "";
			projectRoot = "";
			targets = (
				607283C32B3875D7002B5DAF /* AetherVoice */,
			);
		};
/* End PBXProject section */

/* Begin PBXResourcesBuildPhase section */
		607283C22B3875D7002B5DAF /* Resources */ = {
			isa = PBXResourcesBuildPhase;
			buildActionMask = 2147483647;
			files = (
				607283D52B3875D9002B5DAF /* Preview Assets.xcassets in Resources */,
				60CAE37B2BE8072400B1E884 /* AetherVoiceFree_Azure_template.json in Resources */,
				60DFF5E42B3EB44C004E098C /* AmazonPollyCFN.yaml in Resources */,
				6040521C2B40414E00100DC5 /* README.md in Resources */,
				607283D12B3875D9002B5DAF /* Assets.xcassets in Resources */,
			);
			runOnlyForDeploymentPostprocessing = 0;
		};
/* End PBXResourcesBuildPhase section */

/* Begin PBXSourcesBuildPhase section */
		607283C02B3875D7002B5DAF /* Sources */ = {
			isa = PBXSourcesBuildPhase;
			buildActionMask = 2147483647;
			files = (
				607283EF2B39BEDE002B5DAF /* DocumentReaderView.swift in Sources */,
				604052AA2B42DFB400100DC5 /* SplashView.swift in Sources */,
				606D3B9D2BF943680047994C /* URLInputSheet.swift in Sources */,
				6072840A2B3AE68A002B5DAF /* AmazonPollySynthesizer.swift in Sources */,
				607283C82B3875D7002B5DAF /* AetherVoiceApp.swift in Sources */,
				60DFF5E92B3EF375004E098C /* KeychainWrapper.swift in Sources */,
				607283CA2B3875D7002B5DAF /* Persistence.swift in Sources */,
				604A91482B3CB36200836DAF /* RuntimeError.swift in Sources */,
				60DFF5E72B3EECB7004E098C /* SettingsView.swift in Sources */,
				604052202B405DC700100DC5 /* AWSSettingsView.swift in Sources */,
				604052222B405DF200100DC5 /* GCPSettingsView.swift in Sources */,
				607283F52B39BF05002B5DAF /* DocumentReaderViewModel.swift in Sources */,
				607283EB2B39BEB2002B5DAF /* AppDocument.swift in Sources */,
				607283FE2B3A0CFD002B5DAF /* FilePickerUtility.swift in Sources */,
				605FC1B52BE72C030086987A /* AzureSettingsView.swift in Sources */,
				607283CF2B3875D7002B5DAF /* ContentView.swift in Sources */,
				60CAE3782BE7848F00B1E884 /* DocumentData.swift in Sources */,
				607284092B3AE68A002B5DAF /* MicrosoftAzureSynthesizer.swift in Sources */,
				605FC1B72BE73D890086987A /* AzureVoice.swift in Sources */,
				607284002B3A1099002B5DAF /* DocumentPickerView.swift in Sources */,
				607284082B3AE68A002B5DAF /* GoogleCloudSynthesizer.swift in Sources */,
				607284022B3AD993002B5DAF /* SpeechSynthesizerProtocol.swift in Sources */,
				607283CD2B3875D7002B5DAF /* AetherVoice.xcdatamodeld in Sources */,
				607284042B3AD9B2002B5DAF /* LocalSpeechSynthesizer.swift in Sources */,
				607283ED2B39BEC8002B5DAF /* DocumentListView.swift in Sources */,
				607283F32B39BEF9002B5DAF /* DocumentListViewModel.swift in Sources */,
			);
			runOnlyForDeploymentPostprocessing = 0;
		};
/* End PBXSourcesBuildPhase section */

/* Begin XCBuildConfiguration section */
		607283D62B3875D9002B5DAF /* Debug */ = {
			isa = XCBuildConfiguration;
			buildSettings = {
				ALWAYS_SEARCH_USER_PATHS = NO;
				ASSETCATALOG_COMPILER_GENERATE_SWIFT_ASSET_SYMBOL_EXTENSIONS = YES;
				CLANG_ANALYZER_NONNULL = YES;
				CLANG_ANALYZER_NUMBER_OBJECT_CONVERSION = YES_AGGRESSIVE;
				CLANG_CXX_LANGUAGE_STANDARD = "gnu++20";
				CLANG_ENABLE_MODULES = YES;
				CLANG_ENABLE_OBJC_ARC = YES;
				CLANG_ENABLE_OBJC_WEAK = YES;
				CLANG_WARN_BLOCK_CAPTURE_AUTORELEASING = YES;
				CLANG_WARN_BOOL_CONVERSION = YES;
				CLANG_WARN_COMMA = YES;
				CLANG_WARN_CONSTANT_CONVERSION = YES;
				CLANG_WARN_DEPRECATED_OBJC_IMPLEMENTATIONS = YES;
				CLANG_WARN_DIRECT_OBJC_ISA_USAGE = YES_ERROR;
				CLANG_WARN_DOCUMENTATION_COMMENTS = YES;
				CLANG_WARN_EMPTY_BODY = YES;
				CLANG_WARN_ENUM_CONVERSION = YES;
				CLANG_WARN_INFINITE_RECURSION = YES;
				CLANG_WARN_INT_CONVERSION = YES;
				CLANG_WARN_NON_LITERAL_NULL_CONVERSION = YES;
				CLANG_WARN_OBJC_IMPLICIT_RETAIN_SELF = YES;
				CLANG_WARN_OBJC_LITERAL_CONVERSION = YES;
				CLANG_WARN_OBJC_ROOT_CLASS = YES_ERROR;
				CLANG_WARN_QUOTED_INCLUDE_IN_FRAMEWORK_HEADER = YES;
				CLANG_WARN_RANGE_LOOP_ANALYSIS = YES;
				CLANG_WARN_STRICT_PROTOTYPES = YES;
				CLANG_WARN_SUSPICIOUS_MOVE = YES;
				CLANG_WARN_UNGUARDED_AVAILABILITY = YES_AGGRESSIVE;
				CLANG_WARN_UNREACHABLE_CODE = YES;
				CLANG_WARN__DUPLICATE_METHOD_MATCH = YES;
				COPY_PHASE_STRIP = NO;
				DEAD_CODE_STRIPPING = YES;
				DEBUG_INFORMATION_FORMAT = dwarf;
				ENABLE_STRICT_OBJC_MSGSEND = YES;
				ENABLE_TESTABILITY = YES;
				ENABLE_USER_SCRIPT_SANDBOXING = YES;
				GCC_C_LANGUAGE_STANDARD = gnu17;
				GCC_DYNAMIC_NO_PIC = NO;
				GCC_NO_COMMON_BLOCKS = YES;
				GCC_OPTIMIZATION_LEVEL = 0;
				GCC_PREPROCESSOR_DEFINITIONS = (
					"DEBUG=1",
					"$(inherited)",
				);
				GCC_WARN_64_TO_32_BIT_CONVERSION = YES;
				GCC_WARN_ABOUT_RETURN_TYPE = YES_ERROR;
				GCC_WARN_UNDECLARED_SELECTOR = YES;
				GCC_WARN_UNINITIALIZED_AUTOS = YES_AGGRESSIVE;
				GCC_WARN_UNUSED_FUNCTION = YES;
				GCC_WARN_UNUSED_VARIABLE = YES;
				IPHONEOS_DEPLOYMENT_TARGET = 17.2;
				LOCALIZATION_PREFERS_STRING_CATALOGS = YES;
				MACOSX_DEPLOYMENT_TARGET = 14.0;
				MTL_ENABLE_DEBUG_INFO = INCLUDE_SOURCE;
				MTL_FAST_MATH = YES;
				ONLY_ACTIVE_ARCH = YES;
				SWIFT_ACTIVE_COMPILATION_CONDITIONS = "DEBUG $(inherited)";
				SWIFT_OPTIMIZATION_LEVEL = "-Onone";
			};
			name = Debug;
		};
		607283D72B3875D9002B5DAF /* Release */ = {
			isa = XCBuildConfiguration;
			buildSettings = {
				ALWAYS_SEARCH_USER_PATHS = NO;
				ASSETCATALOG_COMPILER_GENERATE_SWIFT_ASSET_SYMBOL_EXTENSIONS = YES;
				CLANG_ANALYZER_NONNULL = YES;
				CLANG_ANALYZER_NUMBER_OBJECT_CONVERSION = YES_AGGRESSIVE;
				CLANG_CXX_LANGUAGE_STANDARD = "gnu++20";
				CLANG_ENABLE_MODULES = YES;
				CLANG_ENABLE_OBJC_ARC = YES;
				CLANG_ENABLE_OBJC_WEAK = YES;
				CLANG_WARN_BLOCK_CAPTURE_AUTORELEASING = YES;
				CLANG_WARN_BOOL_CONVERSION = YES;
				CLANG_WARN_COMMA = YES;
				CLANG_WARN_CONSTANT_CONVERSION = YES;
				CLANG_WARN_DEPRECATED_OBJC_IMPLEMENTATIONS = YES;
				CLANG_WARN_DIRECT_OBJC_ISA_USAGE = YES_ERROR;
				CLANG_WARN_DOCUMENTATION_COMMENTS = YES;
				CLANG_WARN_EMPTY_BODY = YES;
				CLANG_WARN_ENUM_CONVERSION = YES;
				CLANG_WARN_INFINITE_RECURSION = YES;
				CLANG_WARN_INT_CONVERSION = YES;
				CLANG_WARN_NON_LITERAL_NULL_CONVERSION = YES;
				CLANG_WARN_OBJC_IMPLICIT_RETAIN_SELF = YES;
				CLANG_WARN_OBJC_LITERAL_CONVERSION = YES;
				CLANG_WARN_OBJC_ROOT_CLASS = YES_ERROR;
				CLANG_WARN_QUOTED_INCLUDE_IN_FRAMEWORK_HEADER = YES;
				CLANG_WARN_RANGE_LOOP_ANALYSIS = YES;
				CLANG_WARN_STRICT_PROTOTYPES = YES;
				CLANG_WARN_SUSPICIOUS_MOVE = YES;
				CLANG_WARN_UNGUARDED_AVAILABILITY = YES_AGGRESSIVE;
				CLANG_WARN_UNREACHABLE_CODE = YES;
				CLANG_WARN__DUPLICATE_METHOD_MATCH = YES;
				COPY_PHASE_STRIP = NO;
				DEAD_CODE_STRIPPING = YES;
				DEBUG_INFORMATION_FORMAT = "dwarf-with-dsym";
				ENABLE_NS_ASSERTIONS = NO;
				ENABLE_STRICT_OBJC_MSGSEND = YES;
				ENABLE_USER_SCRIPT_SANDBOXING = YES;
				GCC_C_LANGUAGE_STANDARD = gnu17;
				GCC_NO_COMMON_BLOCKS = YES;
				GCC_WARN_64_TO_32_BIT_CONVERSION = YES;
				GCC_WARN_ABOUT_RETURN_TYPE = YES_ERROR;
				GCC_WARN_UNDECLARED_SELECTOR = YES;
				GCC_WARN_UNINITIALIZED_AUTOS = YES_AGGRESSIVE;
				GCC_WARN_UNUSED_FUNCTION = YES;
				GCC_WARN_UNUSED_VARIABLE = YES;
				IPHONEOS_DEPLOYMENT_TARGET = 17.2;
				LOCALIZATION_PREFERS_STRING_CATALOGS = YES;
				MACOSX_DEPLOYMENT_TARGET = 14.0;
				MTL_ENABLE_DEBUG_INFO = NO;
				MTL_FAST_MATH = YES;
				SWIFT_COMPILATION_MODE = wholemodule;
			};
			name = Release;
		};
		607283D92B3875D9002B5DAF /* Debug */ = {
			isa = XCBuildConfiguration;
			buildSettings = {
				ASSETCATALOG_COMPILER_APPICON_NAME = AppIcon;
				ASSETCATALOG_COMPILER_GLOBAL_ACCENT_COLOR_NAME = AccentColor;
				CODE_SIGN_ENTITLEMENTS = AetherVoice/AetherVoice.entitlements;
				CODE_SIGN_IDENTITY = "Apple Development";
				CODE_SIGN_STYLE = Automatic;
				CURRENT_PROJECT_VERSION = 1;
				DEAD_CODE_STRIPPING = YES;
				DEVELOPMENT_ASSET_PATHS = "\"AetherVoice/Preview Content\"";
				DEVELOPMENT_TEAM = G964Q9M6Q3;
				ENABLE_HARDENED_RUNTIME = YES;
				ENABLE_PREVIEWS = YES;
				GENERATE_INFOPLIST_FILE = YES;
				INFOPLIST_FILE = AetherVoice/Info.plist;
				INFOPLIST_KEY_CFBundleDisplayName = AetherVoice;
				INFOPLIST_KEY_LSApplicationCategoryType = "public.app-category.utilities";
				"INFOPLIST_KEY_UIApplicationSceneManifest_Generation[sdk=iphoneos*]" = YES;
				"INFOPLIST_KEY_UIApplicationSceneManifest_Generation[sdk=iphonesimulator*]" = YES;
				"INFOPLIST_KEY_UIApplicationSupportsIndirectInputEvents[sdk=iphoneos*]" = YES;
				"INFOPLIST_KEY_UIApplicationSupportsIndirectInputEvents[sdk=iphonesimulator*]" = YES;
				"INFOPLIST_KEY_UILaunchScreen_Generation[sdk=iphoneos*]" = YES;
				"INFOPLIST_KEY_UILaunchScreen_Generation[sdk=iphonesimulator*]" = YES;
				"INFOPLIST_KEY_UIStatusBarStyle[sdk=iphoneos*]" = UIStatusBarStyleDefault;
				"INFOPLIST_KEY_UIStatusBarStyle[sdk=iphonesimulator*]" = UIStatusBarStyleDefault;
				INFOPLIST_KEY_UISupportedInterfaceOrientations_iPad = "UIInterfaceOrientationPortrait UIInterfaceOrientationPortraitUpsideDown UIInterfaceOrientationLandscapeLeft UIInterfaceOrientationLandscapeRight";
				INFOPLIST_KEY_UISupportedInterfaceOrientations_iPhone = "UIInterfaceOrientationPortrait UIInterfaceOrientationLandscapeLeft UIInterfaceOrientationLandscapeRight";
				IPHONEOS_DEPLOYMENT_TARGET = 17.2;
				LD_RUNPATH_SEARCH_PATHS = "@executable_path/Frameworks";
				"LD_RUNPATH_SEARCH_PATHS[sdk=macosx*]" = "@executable_path/../Frameworks";
				MACOSX_DEPLOYMENT_TARGET = 14.0;
				MARKETING_VERSION = 1.0;
				PRODUCT_BUNDLE_IDENTIFIER = com.ract.AetherVoice;
				PRODUCT_NAME = "$(TARGET_NAME)";
				PROVISIONING_PROFILE_SPECIFIER = "";
				SDKROOT = auto;
				SUPPORTED_PLATFORMS = "iphoneos iphonesimulator macosx";
				SWIFT_EMIT_LOC_STRINGS = YES;
				SWIFT_VERSION = 5.0;
				TARGETED_DEVICE_FAMILY = "1,2";
			};
			name = Debug;
		};
		607283DA2B3875D9002B5DAF /* Release */ = {
			isa = XCBuildConfiguration;
			buildSettings = {
				ASSETCATALOG_COMPILER_APPICON_NAME = AppIcon;
				ASSETCATALOG_COMPILER_GLOBAL_ACCENT_COLOR_NAME = AccentColor;
				CODE_SIGN_ENTITLEMENTS = AetherVoice/AetherVoice.entitlements;
				CODE_SIGN_IDENTITY = "Apple Development";
				CODE_SIGN_STYLE = Automatic;
				CURRENT_PROJECT_VERSION = 1;
				DEAD_CODE_STRIPPING = YES;
				DEVELOPMENT_ASSET_PATHS = "\"AetherVoice/Preview Content\"";
				DEVELOPMENT_TEAM = G964Q9M6Q3;
				ENABLE_HARDENED_RUNTIME = YES;
				ENABLE_PREVIEWS = YES;
				GENERATE_INFOPLIST_FILE = YES;
				INFOPLIST_FILE = AetherVoice/Info.plist;
				INFOPLIST_KEY_CFBundleDisplayName = AetherVoice;
				INFOPLIST_KEY_LSApplicationCategoryType = "public.app-category.utilities";
				"INFOPLIST_KEY_UIApplicationSceneManifest_Generation[sdk=iphoneos*]" = YES;
				"INFOPLIST_KEY_UIApplicationSceneManifest_Generation[sdk=iphonesimulator*]" = YES;
				"INFOPLIST_KEY_UIApplicationSupportsIndirectInputEvents[sdk=iphoneos*]" = YES;
				"INFOPLIST_KEY_UIApplicationSupportsIndirectInputEvents[sdk=iphonesimulator*]" = YES;
				"INFOPLIST_KEY_UILaunchScreen_Generation[sdk=iphoneos*]" = YES;
				"INFOPLIST_KEY_UILaunchScreen_Generation[sdk=iphonesimulator*]" = YES;
				"INFOPLIST_KEY_UIStatusBarStyle[sdk=iphoneos*]" = UIStatusBarStyleDefault;
				"INFOPLIST_KEY_UIStatusBarStyle[sdk=iphonesimulator*]" = UIStatusBarStyleDefault;
				INFOPLIST_KEY_UISupportedInterfaceOrientations_iPad = "UIInterfaceOrientationPortrait UIInterfaceOrientationPortraitUpsideDown UIInterfaceOrientationLandscapeLeft UIInterfaceOrientationLandscapeRight";
				INFOPLIST_KEY_UISupportedInterfaceOrientations_iPhone = "UIInterfaceOrientationPortrait UIInterfaceOrientationLandscapeLeft UIInterfaceOrientationLandscapeRight";
				IPHONEOS_DEPLOYMENT_TARGET = 17.2;
				LD_RUNPATH_SEARCH_PATHS = "@executable_path/Frameworks";
				"LD_RUNPATH_SEARCH_PATHS[sdk=macosx*]" = "@executable_path/../Frameworks";
				MACOSX_DEPLOYMENT_TARGET = 14.0;
				MARKETING_VERSION = 1.0;
				PRODUCT_BUNDLE_IDENTIFIER = com.ract.AetherVoice;
				PRODUCT_NAME = "$(TARGET_NAME)";
				PROVISIONING_PROFILE_SPECIFIER = "";
				SDKROOT = auto;
				SUPPORTED_PLATFORMS = "iphoneos iphonesimulator macosx";
				SWIFT_EMIT_LOC_STRINGS = YES;
				SWIFT_VERSION = 5.0;
				TARGETED_DEVICE_FAMILY = "1,2";
			};
			name = Release;
		};
/* End XCBuildConfiguration section */

/* Begin XCConfigurationList section */
		607283BF2B3875D7002B5DAF /* Build configuration list for PBXProject "AetherVoice" */ = {
			isa = XCConfigurationList;
			buildConfigurations = (
				607283D62B3875D9002B5DAF /* Debug */,
				607283D72B3875D9002B5DAF /* Release */,
			);
			defaultConfigurationIsVisible = 0;
			defaultConfigurationName = Release;
		};
		607283D82B3875D9002B5DAF /* Build configuration list for PBXNativeTarget "AetherVoice" */ = {
			isa = XCConfigurationList;
			buildConfigurations = (
				607283D92B3875D9002B5DAF /* Debug */,
				607283DA2B3875D9002B5DAF /* Release */,
			);
			defaultConfigurationIsVisible = 0;
			defaultConfigurationName = Release;
		};
/* End XCConfigurationList section */

/* Begin XCRemoteSwiftPackageReference section */
		6036DBE02BF9552600A42D1A /* XCRemoteSwiftPackageReference "SwiftSoup" */ = {
			isa = XCRemoteSwiftPackageReference;
			repositoryURL = "https://github.com/scinfu/SwiftSoup.git";
			requirement = {
				kind = upToNextMajorVersion;
				minimumVersion = 2.7.2;
			};
		};
		6036DBE32BF958BC00A42D1A /* XCRemoteSwiftPackageReference "ReadabilityKit" */ = {
			isa = XCRemoteSwiftPackageReference;
			repositoryURL = "https://github.com/exyte/ReadabilityKit.git";
			requirement = {
				branch = master;
				kind = branch;
			};
		};
		6036DBE62BF95CFD00A42D1A /* XCRemoteSwiftPackageReference "read-swift" */ = {
			isa = XCRemoteSwiftPackageReference;
			repositoryURL = "https://github.com/ttscoff/read-swift.git";
			requirement = {
				branch = master;
				kind = branch;
			};
		};
		604052232B4085DF00100DC5 /* XCRemoteSwiftPackageReference "google-api-swift-client" */ = {
			isa = XCRemoteSwiftPackageReference;
			repositoryURL = "https://github.com/googleapis/google-api-swift-client.git";
			requirement = {
				branch = main;
				kind = branch;
			};
		};
		604052282B4088AF00100DC5 /* XCRemoteSwiftPackageReference "google-api-objectivec-client-for-rest" */ = {
			isa = XCRemoteSwiftPackageReference;
			repositoryURL = "https://github.com/google/google-api-objectivec-client-for-rest.git";
			requirement = {
				branch = main;
				kind = branch;
			};
		};
		604A8E922B3C563D00836DAF /* XCRemoteSwiftPackageReference "aws-sdk-swift" */ = {
			isa = XCRemoteSwiftPackageReference;
			repositoryURL = "https://github.com/awslabs/aws-sdk-swift";
			requirement = {
				kind = upToNextMinorVersion;
				minimumVersion = 0.33.0;
			};
		};
/* End XCRemoteSwiftPackageReference section */

/* Begin XCSwiftPackageProductDependency section */
		6036DBE72BF95CFD00A42D1A /* Readability */ = {
			isa = XCSwiftPackageProductDependency;
			package = 6036DBE62BF95CFD00A42D1A /* XCRemoteSwiftPackageReference "read-swift" */;
			productName = Readability;
		};
		604052A72B40892B00100DC5 /* GoogleAPIClientForREST_Texttospeech */ = {
			isa = XCSwiftPackageProductDependency;
			package = 604052282B4088AF00100DC5 /* XCRemoteSwiftPackageReference "google-api-objectivec-client-for-rest" */;
			productName = GoogleAPIClientForREST_Texttospeech;
		};
		604A8F312B3C563F00836DAF /* AWSCognitoIdentity */ = {
			isa = XCSwiftPackageProductDependency;
			package = 604A8E922B3C563D00836DAF /* XCRemoteSwiftPackageReference "aws-sdk-swift" */;
			productName = AWSCognitoIdentity;
		};
		604A90832B3C564700836DAF /* AWSPolly */ = {
			isa = XCSwiftPackageProductDependency;
			package = 604A8E922B3C563D00836DAF /* XCRemoteSwiftPackageReference "aws-sdk-swift" */;
			productName = AWSPolly;
		};
/* End XCSwiftPackageProductDependency section */

/* Begin XCVersionGroup section */
		607283CB2B3875D7002B5DAF /* AetherVoice.xcdatamodeld */ = {
			isa = XCVersionGroup;
			children = (
				607283CC2B3875D7002B5DAF /* CloudReader.xcdatamodel */,
			);
			currentVersion = 607283CC2B3875D7002B5DAF /* CloudReader.xcdatamodel */;
			path = AetherVoice.xcdatamodeld;
			sourceTree = "<group>";
			versionGroupType = wrapper.xcdatamodel;
		};
/* End XCVersionGroup section */
	};
	rootObject = 607283BC2B3875D7002B5DAF /* Project object */;
}
